
Microsoft Visual Studio Solution File, Format Version 12.00
# Visual Studio Version 17
VisualStudioVersion = 17.3.32811.315
MinimumVisualStudioVersion = 10.0.40219.1
Project("{888888A0-9F3D-457C-B088-3A5042F75D52}") = "PR3_6", "PR3_6\PR3_6.pyproj", "{8B001D8A-6980-413C-805B-5B3569F826E1}"
EndProject
Global
	GlobalSection(SolutionConfigurationPlatforms) = preSolution
		Debug|Any CPU = Debug|Any CPU
		Release|Any CPU = Release|Any CPU
	EndGlobalSection
	GlobalSection(ProjectConfigurationPlatforms) = postSolution
		{8B001D8A-6980-413C-805B-5B3569F826E1}.Debug|Any CPU.ActiveCfg = Debug|Any CPU
		{8B001D8A-6980-413C-805B-5B3569F826E1}.Release|Any CPU.ActiveCfg = Release|Any CPU
	EndGlobalSection
	GlobalSection(SolutionProperties) = preSolution
		HideSolutionNode = FALSE
	EndGlobalSection
	GlobalSection(ExtensibilityGlobals) = postSolution
		SolutionGuid = {C1B8A338-3116-4789-AD24-7F90FCEE5854}
	EndGlobalSection
EndGlobal
