
Microsoft Visual Studio Solution File, Format Version 12.00
# Visual Studio Version 17
VisualStudioVersion = 17.3.32811.315
MinimumVisualStudioVersion = 10.0.40219.1
Project("{888888A0-9F3D-457C-B088-3A5042F75D52}") = "pr3_2", "pr3_2\pr3_2.pyproj", "{4839AA73-2E24-42AD-932C-DD59C478C7F0}"
EndProject
Global
	GlobalSection(SolutionConfigurationPlatforms) = preSolution
		Debug|Any CPU = Debug|Any CPU
		Release|Any CPU = Release|Any CPU
	EndGlobalSection
	GlobalSection(ProjectConfigurationPlatforms) = postSolution
		{4839AA73-2E24-42AD-932C-DD59C478C7F0}.Debug|Any CPU.ActiveCfg = Debug|Any CPU
		{4839AA73-2E24-42AD-932C-DD59C478C7F0}.Release|Any CPU.ActiveCfg = Release|Any CPU
	EndGlobalSection
	GlobalSection(SolutionProperties) = preSolution
		HideSolutionNode = FALSE
	EndGlobalSection
	GlobalSection(ExtensibilityGlobals) = postSolution
		SolutionGuid = {F05E69C5-021C-4ED4-B9D8-4C9CF5750141}
	EndGlobalSection
EndGlobal
